
Microsoft Visual Studio Solution File, Format Version 12.00
# Visual Studio Version 17
VisualStudioVersion = 17.1.32421.90
MinimumVisualStudioVersion = 10.0.40219.1
Project("{FAE04EC0-301F-11D3-BF4B-00C04F79EFBC}") = "APP_USUARIOS", "APP_USUARIOS.csproj", "{2EDAB6E9-E77C-45CD-8653-2826F6EF4C2B}"
EndProject
Global
	GlobalSection(SolutionConfigurationPlatforms) = preSolution
		Debug|Any CPU = Debug|Any CPU
		Release|Any CPU = Release|Any CPU
	EndGlobalSection
	GlobalSection(ProjectConfigurationPlatforms) = postSolution
		{2EDAB6E9-E77C-45CD-8653-2826F6EF4C2B}.Debug|Any CPU.ActiveCfg = Debug|Any CPU
		{2EDAB6E9-E77C-45CD-8653-2826F6EF4C2B}.Debug|Any CPU.Build.0 = Debug|Any CPU
		{2EDAB6E9-E77C-45CD-8653-2826F6EF4C2B}.Release|Any CPU.ActiveCfg = Release|Any CPU
		{2EDAB6E9-E77C-45CD-8653-2826F6EF4C2B}.Release|Any CPU.Build.0 = Release|Any CPU
	EndGlobalSection
	GlobalSection(SolutionProperties) = preSolution
		HideSolutionNode = FALSE
	EndGlobalSection
	GlobalSection(ExtensibilityGlobals) = postSolution
		SolutionGuid = {7C797526-D4FC-4BD7-8C5C-8A113D8847EE}
	EndGlobalSection
EndGlobal
